// !$*UTF8*$!
{
	archiveVersion = 1;
	classes = {
	};
	objectVersion = 46;
	objects = {

/* Begin PBXBuildFile section */
		232A14751CF631070057DF3D /* MealTableViewCell.swift in Sources */ = {isa = PBXBuildFile; fileRef = 232A14741CF631070057DF3D /* MealTableViewCell.swift */; };
		232A14771CF637C00057DF3D /* MealTableViewController.swift in Sources */ = {isa = PBXBuildFile; fileRef = 232A14761CF637C00057DF3D /* MealTableViewController.swift */; };
		23A650781CE562F100014DD0 /* Meal.swift in Sources */ = {isa = PBXBuildFile; fileRef = 23A650771CE562F100014DD0 /* Meal.swift */; };
		23A650791CE562F100014DD0 /* Meal.swift in Sources */ = {isa = PBXBuildFile; fileRef = 23A650771CE562F100014DD0 /* Meal.swift */; };
		23C6D4661CE2979E00A7DC2C /* AppDelegate.swift in Sources */ = {isa = PBXBuildFile; fileRef = 23C6D4651CE2979E00A7DC2C /* AppDelegate.swift */; };
		23C6D4681CE2979E00A7DC2C /* MealViewController.swift in Sources */ = {isa = PBXBuildFile; fileRef = 23C6D4671CE2979E00A7DC2C /* MealViewController.swift */; };
		23C6D46B1CE2979E00A7DC2C /* Main.storyboard in Resources */ = {isa = PBXBuildFile; fileRef = 23C6D4691CE2979E00A7DC2C /* Main.storyboard */; };
		23C6D46D1CE2979E00A7DC2C /* Assets.xcassets in Resources */ = {isa = PBXBuildFile; fileRef = 23C6D46C1CE2979E00A7DC2C /* Assets.xcassets */; };
		23C6D4701CE2979E00A7DC2C /* LaunchScreen.storyboard in Resources */ = {isa = PBXBuildFile; fileRef = 23C6D46E1CE2979E00A7DC2C /* LaunchScreen.storyboard */; };
		23C6D47B1CE2979E00A7DC2C /* FoodTrackerTests.swift in Sources */ = {isa = PBXBuildFile; fileRef = 23C6D47A1CE2979E00A7DC2C /* FoodTrackerTests.swift */; };
		23C6D4861CE4E45A00A7DC2C /* RatingControl.swift in Sources */ = {isa = PBXBuildFile; fileRef = 23C6D4851CE4E45A00A7DC2C /* RatingControl.swift */; };
/* End PBXBuildFile section */

/* Begin PBXContainerItemProxy section */
		23C6D4771CE2979E00A7DC2C /* PBXContainerItemProxy */ = {
			isa = PBXContainerItemProxy;
			containerPortal = 23C6D45A1CE2979E00A7DC2C /* Project object */;
			proxyType = 1;
			remoteGlobalIDString = 23C6D4611CE2979E00A7DC2C;
			remoteInfo = FoodTracker;
		};
/* End PBXContainerItemProxy section */

/* Begin PBXFileReference section */
		232A14741CF631070057DF3D /* MealTableViewCell.swift */ = {isa = PBXFileReference; fileEncoding = 4; lastKnownFileType = sourcecode.swift; path = MealTableViewCell.swift; sourceTree = "<group>"; };
		232A14761CF637C00057DF3D /* MealTableViewController.swift */ = {isa = PBXFileReference; fileEncoding = 4; lastKnownFileType = sourcecode.swift; path = MealTableViewController.swift; sourceTree = "<group>"; };
		23A650771CE562F100014DD0 /* Meal.swift */ = {isa = PBXFileReference; fileEncoding = 4; lastKnownFileType = sourcecode.swift; path = Meal.swift; sourceTree = "<group>"; };
		23C6D4621CE2979E00A7DC2C /* FoodTracker.app */ = {isa = PBXFileReference; explicitFileType = wrapper.application; includeInIndex = 0; path = FoodTracker.app; sourceTree = BUILT_PRODUCTS_DIR; };
		23C6D4651CE2979E00A7DC2C /* AppDelegate.swift */ = {isa = PBXFileReference; lastKnownFileType = sourcecode.swift; path = AppDelegate.swift; sourceTree = "<group>"; };
		23C6D4671CE2979E00A7DC2C /* MealViewController.swift */ = {isa = PBXFileReference; lastKnownFileType = sourcecode.swift; path = MealViewController.swift; sourceTree = "<group>"; };
		23C6D46A1CE2979E00A7DC2C /* Base */ = {isa = PBXFileReference; lastKnownFileType = file.storyboard; name = Base; path = Base.lproj/Main.storyboard; sourceTree = "<group>"; };
		23C6D46C1CE2979E00A7DC2C /* Assets.xcassets */ = {isa = PBXFileReference; lastKnownFileType = folder.assetcatalog; path = Assets.xcassets; sourceTree = "<group>"; };
		23C6D46F1CE2979E00A7DC2C /* Base */ = {isa = PBXFileReference; lastKnownFileType = file.storyboard; name = Base; path = Base.lproj/LaunchScreen.storyboard; sourceTree = "<group>"; };
		23C6D4711CE2979E00A7DC2C /* Info.plist */ = {isa = PBXFileReference; lastKnownFileType = text.plist.xml; path = Info.plist; sourceTree = "<group>"; };
		23C6D4761CE2979E00A7DC2C /* FoodTrackerTests.xctest */ = {isa = PBXFileReference; explicitFileType = wrapper.cfbundle; includeInIndex = 0; path = FoodTrackerTests.xctest; sourceTree = BUILT_PRODUCTS_DIR; };
		23C6D47A1CE2979E00A7DC2C /* FoodTrackerTests.swift */ = {isa = PBXFileReference; lastKnownFileType = sourcecode.swift; path = FoodTrackerTests.swift; sourceTree = "<group>"; };
		23C6D47C1CE2979E00A7DC2C /* Info.plist */ = {isa = PBXFileReference; lastKnownFileType = text.plist.xml; path = Info.plist; sourceTree = "<group>"; };
		23C6D4851CE4E45A00A7DC2C /* RatingControl.swift */ = {isa = PBXFileReference; fileEncoding = 4; lastKnownFileType = sourcecode.swift; path = RatingControl.swift; sourceTree = "<group>"; };
/* End PBXFileReference section */

/* Begin PBXFrameworksBuildPhase section */
		23C6D45F1CE2979E00A7DC2C /* Frameworks */ = {
			isa = PBXFrameworksBuildPhase;
			buildActionMask = 2147483647;
			files = (
			);
			runOnlyForDeploymentPostprocessing = 0;
		};
		23C6D4731CE2979E00A7DC2C /* Frameworks */ = {
			isa = PBXFrameworksBuildPhase;
			buildActionMask = 2147483647;
			files = (
			);
			runOnlyForDeploymentPostprocessing = 0;
		};
/* End PBXFrameworksBuildPhase section */

/* Begin PBXGroup section */
		23C6D4591CE2979E00A7DC2C = {
			isa = PBXGroup;
			children = (
				23C6D4641CE2979E00A7DC2C /* FoodTracker */,
				23C6D4791CE2979E00A7DC2C /* FoodTrackerTests */,
				23C6D4631CE2979E00A7DC2C /* Products */,
			);
			sourceTree = "<group>";
		};
		23C6D4631CE2979E00A7DC2C /* Products */ = {
			isa = PBXGroup;
			children = (
				23C6D4621CE2979E00A7DC2C /* FoodTracker.app */,
				23C6D4761CE2979E00A7DC2C /* FoodTrackerTests.xctest */,
			);
			name = Products;
			sourceTree = "<group>";
		};
		23C6D4641CE2979E00A7DC2C /* FoodTracker */ = {
			isa = PBXGroup;
			children = (
				23C6D4651CE2979E00A7DC2C /* AppDelegate.swift */,
				23C6D4671CE2979E00A7DC2C /* MealViewController.swift */,
				23C6D4691CE2979E00A7DC2C /* Main.storyboard */,
				232A14761CF637C00057DF3D /* MealTableViewController.swift */,
				232A14741CF631070057DF3D /* MealTableViewCell.swift */,
				23C6D4851CE4E45A00A7DC2C /* RatingControl.swift */,
				23A650771CE562F100014DD0 /* Meal.swift */,
				23C6D46C1CE2979E00A7DC2C /* Assets.xcassets */,
				23C6D46E1CE2979E00A7DC2C /* LaunchScreen.storyboard */,
				23C6D4711CE2979E00A7DC2C /* Info.plist */,
			);
			path = FoodTracker;
			sourceTree = "<group>";
		};
		23C6D4791CE2979E00A7DC2C /* FoodTrackerTests */ = {
			isa = PBXGroup;
			children = (
				23C6D47A1CE2979E00A7DC2C /* FoodTrackerTests.swift */,
				23C6D47C1CE2979E00A7DC2C /* Info.plist */,
			);
			path = FoodTrackerTests;
			sourceTree = "<group>";
		};
/* End PBXGroup section */

/* Begin PBXNativeTarget section */
		23C6D4611CE2979E00A7DC2C /* FoodTracker */ = {
			isa = PBXNativeTarget;
			buildConfigurationList = 23C6D47F1CE2979E00A7DC2C /* Build configuration list for PBXNativeTarget "FoodTracker" */;
			buildPhases = (
				23C6D45E1CE2979E00A7DC2C /* Sources */,
				23C6D45F1CE2979E00A7DC2C /* Frameworks */,
				23C6D4601CE2979E00A7DC2C /* Resources */,
			);
			buildRules = (
			);
			dependencies = (
			);
			name = FoodTracker;
			productName = FoodTracker;
			productReference = 23C6D4621CE2979E00A7DC2C /* FoodTracker.app */;
			productType = "com.apple.product-type.application";
		};
		23C6D4751CE2979E00A7DC2C /* FoodTrackerTests */ = {
			isa = PBXNativeTarget;
			buildConfigurationList = 23C6D4821CE2979E00A7DC2C /* Build configuration list for PBXNativeTarget "FoodTrackerTests" */;
			buildPhases = (
				23C6D4721CE2979E00A7DC2C /* Sources */,
				23C6D4731CE2979E00A7DC2C /* Frameworks */,
				23C6D4741CE2979E00A7DC2C /* Resources */,
			);
			buildRules = (
			);
			dependencies = (
				23C6D4781CE2979E00A7DC2C /* PBXTargetDependency */,
			);
			name = FoodTrackerTests;
			productName = FoodTrackerTests;
			productReference = 23C6D4761CE2979E00A7DC2C /* FoodTrackerTests.xctest */;
			productType = "com.apple.product-type.bundle.unit-test";
		};
/* End PBXNativeTarget section */

/* Begin PBXProject section */
		23C6D45A1CE2979E00A7DC2C /* Project object */ = {
			isa = PBXProject;
			attributes = {
				LastSwiftUpdateCheck = 0730;
				LastUpgradeCheck = 0730;
				ORGANIZATIONNAME = "Stanford University";
				TargetAttributes = {
					23C6D4611CE2979E00A7DC2C = {
						CreatedOnToolsVersion = 7.3.1;
					};
					23C6D4751CE2979E00A7DC2C = {
						CreatedOnToolsVersion = 7.3.1;
						TestTargetID = 23C6D4611CE2979E00A7DC2C;
					};
				};
			};
			buildConfigurationList = 23C6D45D1CE2979E00A7DC2C /* Build configuration list for PBXProject "FoodTracker" */;
			compatibilityVersion = "Xcode 3.2";
			developmentRegion = English;
			hasScannedForEncodings = 0;
			knownRegions = (
				en,
				Base,
			);
			mainGroup = 23C6D4591CE2979E00A7DC2C;
			productRefGroup = 23C6D4631CE2979E00A7DC2C /* Products */;
			projectDirPath = "";
			projectRoot = "";
			targets = (
				23C6D4611CE2979E00A7DC2C /* FoodTracker */,
				23C6D4751CE2979E00A7DC2C /* FoodTrackerTests */,
			);
		};
/* End PBXProject section */

/* Begin PBXResourcesBuildPhase section */
		23C6D4601CE2979E00A7DC2C /* Resources */ = {
			isa = PBXResourcesBuildPhase;
			buildActionMask = 2147483647;
			files = (
				23C6D4701CE2979E00A7DC2C /* LaunchScreen.storyboard in Resources */,
				23C6D46D1CE2979E00A7DC2C /* Assets.xcassets in Resources */,
				23C6D46B1CE2979E00A7DC2C /* Main.storyboard in Resources */,
			);
			runOnlyForDeploymentPostprocessing = 0;
		};
		23C6D4741CE2979E00A7DC2C /* Resources */ = {
			isa = PBXResourcesBuildPhase;
			buildActionMask = 2147483647;
			files = (
			);
			runOnlyForDeploymentPostprocessing = 0;
		};
/* End PBXResourcesBuildPhase section */

/* Begin PBXSourcesBuildPhase section */
		23C6D45E1CE2979E00A7DC2C /* Sources */ = {
			isa = PBXSourcesBuildPhase;
			buildActionMask = 2147483647;
			files = (
				23A650781CE562F100014DD0 /* Meal.swift in Sources */,
				23C6D4681CE2979E00A7DC2C /* MealViewController.swift in Sources */,
				23C6D4861CE4E45A00A7DC2C /* RatingControl.swift in Sources */,
				23C6D4661CE2979E00A7DC2C /* AppDelegate.swift in Sources */,
				232A14771CF637C00057DF3D /* MealTableViewController.swift in Sources */,
				232A14751CF631070057DF3D /* MealTableViewCell.swift in Sources */,
			);
			runOnlyForDeploymentPostprocessing = 0;
		};
		23C6D4721CE2979E00A7DC2C /* Sources */ = {
			isa = PBXSourcesBuildPhase;
			buildActionMask = 2147483647;
			files = (
				23A650791CE562F100014DD0 /* Meal.swift in Sources */,
				23C6D47B1CE2979E00A7DC2C /* FoodTrackerTests.swift in Sources */,
			);
			runOnlyForDeploymentPostprocessing = 0;
		};
/* End PBXSourcesBuildPhase section */

/* Begin PBXTargetDependency section */
		23C6D4781CE2979E00A7DC2C /* PBXTargetDependency */ = {
			isa = PBXTargetDependency;
			target = 23C6D4611CE2979E00A7DC2C /* FoodTracker */;
			targetProxy = 23C6D4771CE2979E00A7DC2C /* PBXContainerItemProxy */;
		};
/* End PBXTargetDependency section */

/* Begin PBXVariantGroup section */
		23C6D4691CE2979E00A7DC2C /* Main.storyboard */ = {
			isa = PBXVariantGroup;
			children = (
				23C6D46A1CE2979E00A7DC2C /* Base */,
			);
			name = Main.storyboard;
			sourceTree = "<group>";
		};
		23C6D46E1CE2979E00A7DC2C /* LaunchScreen.storyboard */ = {
			isa = PBXVariantGroup;
			children = (
				23C6D46F1CE2979E00A7DC2C /* Base */,
			);
			name = LaunchScreen.storyboard;
			sourceTree = "<group>";
		};
/* End PBXVariantGroup section */

/* Begin XCBuildConfiguration section */
		23C6D47D1CE2979E00A7DC2C /* Debug */ = {
			isa = XCBuildConfiguration;
			buildSettings = {
				ALWAYS_SEARCH_USER_PATHS = NO;
				CLANG_ANALYZER_NONNULL = YES;
				CLANG_CXX_LANGUAGE_STANDARD = "gnu++0x";
				CLANG_CXX_LIBRARY = "libc++";
				CLANG_ENABLE_MODULES = YES;
				CLANG_ENABLE_OBJC_ARC = YES;
				CLANG_WARN_BOOL_CONVERSION = YES;
				CLANG_WARN_CONSTANT_CONVERSION = YES;
				CLANG_WARN_DIRECT_OBJC_ISA_USAGE = YES_ERROR;
				CLANG_WARN_EMPTY_BODY = YES;
				CLANG_WARN_ENUM_CONVERSION = YES;
				CLANG_WARN_INT_CONVERSION = YES;
				CLANG_WARN_OBJC_ROOT_CLASS = YES_ERROR;
				CLANG_WARN_UNREACHABLE_CODE = YES;
				CLANG_WARN__DUPLICATE_METHOD_MATCH = YES;
				"CODE_SIGN_IDENTITY[sdk=iphoneos*]" = "iPhone Developer";
				COPY_PHASE_STRIP = NO;
				DEBUG_INFORMATION_FORMAT = dwarf;
				ENABLE_STRICT_OBJC_MSGSEND = YES;
				ENABLE_TESTABILITY = YES;
				GCC_C_LANGUAGE_STANDARD = gnu99;
				GCC_DYNAMIC_NO_PIC = NO;
				GCC_NO_COMMON_BLOCKS = YES;
				GCC_OPTIMIZATION_LEVEL = 0;
				GCC_PREPROCESSOR_DEFINITIONS = (
					"DEBUG=1",
					"$(inherited)",
				);
				GCC_WARN_64_TO_32_BIT_CONVERSION = YES;
				GCC_WARN_ABOUT_RETURN_TYPE = YES_ERROR;
				GCC_WARN_UNDECLARED_SELECTOR = YES;
				GCC_WARN_UNINITIALIZED_AUTOS = YES_AGGRESSIVE;
				GCC_WARN_UNUSED_FUNCTION = YES;
				GCC_WARN_UNUSED_VARIABLE = YES;
				IPHONEOS_DEPLOYMENT_TARGET = 9.3;
				MTL_ENABLE_DEBUG_INFO = YES;
				ONLY_ACTIVE_ARCH = YES;
				SDKROOT = iphoneos;
				SWIFT_OPTIMIZATION_LEVEL = "-Onone";
				TARGETED_DEVICE_FAMILY = "1,2";
			};
			name = Debug;
		};
		23C6D47E1CE2979E00A7DC2C /* Release */ = {
			isa = XCBuildConfiguration;
			buildSettings = {
				ALWAYS_SEARCH_USER_PATHS = NO;
				CLANG_ANALYZER_NONNULL = YES;
				CLANG_CXX_LANGUAGE_STANDARD = "gnu++0x";
				CLANG_CXX_LIBRARY = "libc++";
				CLANG_ENABLE_MODULES = YES;
				CLANG_ENABLE_OBJC_ARC = YES;
				CLANG_WARN_BOOL_CONVERSION = YES;
				CLANG_WARN_CONSTANT_CONVERSION = YES;
				CLANG_WARN_DIRECT_OBJC_ISA_USAGE = YES_ERROR;
				CLANG_WARN_EMPTY_BODY = YES;
				CLANG_WARN_ENUM_CONVERSION = YES;
				CLANG_WARN_INT_CONVERSION = YES;
				CLANG_WARN_OBJC_ROOT_CLASS = YES_ERROR;
				CLANG_WARN_UNREACHABLE_CODE = YES;
				CLANG_WARN__DUPLICATE_METHOD_MATCH = YES;
				"CODE_SIGN_IDENTITY[sdk=iphoneos*]" = "iPhone Developer";
				COPY_PHASE_STRIP = NO;
				DEBUG_INFORMATION_FORMAT = "dwarf-with-dsym";
				ENABLE_NS_ASSERTIONS = NO;
				ENABLE_STRICT_OBJC_MSGSEND = YES;
				GCC_C_LANGUAGE_STANDARD = gnu99;
				GCC_NO_COMMON_BLOCKS = YES;
				GCC_WARN_64_TO_32_BIT_CONVERSION = YES;
				GCC_WARN_ABOUT_RETURN_TYPE = YES_ERROR;
				GCC_WARN_UNDECLARED_SELECTOR = YES;
				GCC_WARN_UNINITIALIZED_AUTOS = YES_AGGRESSIVE;
				GCC_WARN_UNUSED_FUNCTION = YES;
				GCC_WARN_UNUSED_VARIABLE = YES;
				IPHONEOS_DEPLOYMENT_TARGET = 9.3;
				MTL_ENABLE_DEBUG_INFO = NO;
				SDKROOT = iphoneos;
				TARGETED_DEVICE_FAMILY = "1,2";
				VALIDATE_PRODUCT = YES;
			};
			name = Release;
		};
		23C6D4801CE2979E00A7DC2C /* Debug */ = {
			isa = XCBuildConfiguration;
			buildSettings = {
				ASSETCATALOG_COMPILER_APPICON_NAME = AppIcon;
				INFOPLIST_FILE = FoodTracker/Info.plist;
				LD_RUNPATH_SEARCH_PATHS = "$(inherited) @executable_path/Frameworks";
				PRODUCT_BUNDLE_IDENTIFIER = edu.stanford.cs193p.junweizhuge.FoodTracker;
				PRODUCT_NAME = "$(TARGET_NAME)";
			};
			name = Debug;
		};
		23C6D4811CE2979E00A7DC2C /* Release */ = {
			isa = XCBuildConfiguration;
			buildSettings = {
				ASSETCATALOG_COMPILER_APPICON_NAME = AppIcon;
				INFOPLIST_FILE = FoodTracker/Info.plist;
				LD_RUNPATH_SEARCH_PATHS = "$(inherited) @executable_path/Frameworks";
				PRODUCT_BUNDLE_IDENTIFIER = edu.stanford.cs193p.junweizhuge.FoodTracker;
				PRODUCT_NAME = "$(TARGET_NAME)";
			};
			name = Release;
		};
		23C6D4831CE2979E00A7DC2C /* Debug */ = {
			isa = XCBuildConfiguration;
			buildSettings = {
				BUNDLE_LOADER = "$(TEST_HOST)";
				INFOPLIST_FILE = FoodTrackerTests/Info.plist;
				LD_RUNPATH_SEARCH_PATHS = "$(inherited) @executable_path/Frameworks @loader_path/Frameworks";
				PRODUCT_BUNDLE_IDENTIFIER = edu.stanford.cs193p.junweizhuge.FoodTrackerTests;
				PRODUCT_NAME = "$(TARGET_NAME)";
				TEST_HOST = "$(BUILT_PRODUCTS_DIR)/FoodTracker.app/FoodTracker";
			};
			name = Debug;
		};
		23C6D4841CE2979E00A7DC2C /* Release */ = {
			isa = XCBuildConfiguration;
			buildSettings = {
				BUNDLE_LOADER = "$(TEST_HOST)";
				INFOPLIST_FILE = FoodTrackerTests/Info.plist;
				LD_RUNPATH_SEARCH_PATHS = "$(inherited) @executable_path/Frameworks @loader_path/Frameworks";
				PRODUCT_BUNDLE_IDENTIFIER = edu.stanford.cs193p.junweizhuge.FoodTrackerTests;
				PRODUCT_NAME = "$(TARGET_NAME)";
				TEST_HOST = "$(BUILT_PRODUCTS_DIR)/FoodTracker.app/FoodTracker";
			};
			name = Release;
		};
/* End XCBuildConfiguration section */

/* Begin XCConfigurationList section */
		23C6D45D1CE2979E00A7DC2C /* Build configuration list for PBXProject "FoodTracker" */ = {
			isa = XCConfigurationList;
			buildConfigurations = (
				23C6D47D1CE2979E00A7DC2C /* Debug */,
				23C6D47E1CE2979E00A7DC2C /* Release */,
			);
			defaultConfigurationIsVisible = 0;
			defaultConfigurationName = Release;
		};
		23C6D47F1CE2979E00A7DC2C /* Build configuration list for PBXNativeTarget "FoodTracker" */ = {
			isa = XCConfigurationList;
			buildConfigurations = (
				23C6D4801CE2979E00A7DC2C /* Debug */,
				23C6D4811CE2979E00A7DC2C /* Release */,
			);
			defaultConfigurationIsVisible = 0;
			defaultConfigurationName = Release;
		};
		23C6D4821CE2979E00A7DC2C /* Build configuration list for PBXNativeTarget "FoodTrackerTests" */ = {
			isa = XCConfigurationList;
			buildConfigurations = (
				23C6D4831CE2979E00A7DC2C /* Debug */,
				23C6D4841CE2979E00A7DC2C /* Release */,
			);
			defaultConfigurationIsVisible = 0;
			defaultConfigurationName = Release;
		};
/* End XCConfigurationList section */
	};
	rootObject = 23C6D45A1CE2979E00A7DC2C /* Project object */;
}
