// !$*UTF8*$!
{
	archiveVersion = 1;
	classes = {
	};
	objectVersion = 46;
	objects = {

/* Begin PBXBuildFile section */
		5F5348321A81BDC300285835 /* ExampleIVViewController.swift in Sources */ = {isa = PBXBuildFile; fileRef = 5F5348311A81BDC300285835 /* ExampleIVViewController.swift */; };
		5F5348371A81DC2200285835 /* bg01.png in Resources */ = {isa = PBXBuildFile; fileRef = 5F5348351A81DC2200285835 /* bg01.png */; };
		5F5348381A81DC2200285835 /* bg02.png in Resources */ = {isa = PBXBuildFile; fileRef = 5F5348361A81DC2200285835 /* bg02.png */; };
		5F580F301A7B868E000994B8 /* AppDelegate.swift in Sources */ = {isa = PBXBuildFile; fileRef = 5F580F2F1A7B868E000994B8 /* AppDelegate.swift */; };
		5F580F351A7B868E000994B8 /* Main.storyboard in Resources */ = {isa = PBXBuildFile; fileRef = 5F580F331A7B868E000994B8 /* Main.storyboard */; };
		5F580F371A7B868E000994B8 /* Images.xcassets in Resources */ = {isa = PBXBuildFile; fileRef = 5F580F361A7B868E000994B8 /* Images.xcassets */; };
		5F580F3A1A7B868E000994B8 /* LaunchScreen.xib in Resources */ = {isa = PBXBuildFile; fileRef = 5F580F381A7B868E000994B8 /* LaunchScreen.xib */; };
		5F580F461A7B868F000994B8 /* View_Animations_DemoTests.swift in Sources */ = {isa = PBXBuildFile; fileRef = 5F580F451A7B868F000994B8 /* View_Animations_DemoTests.swift */; };
		5F580F5A1A7BD216000994B8 /* ExampleIViewController.swift in Sources */ = {isa = PBXBuildFile; fileRef = 5F580F591A7BD216000994B8 /* ExampleIViewController.swift */; };
		5F580F5C1A7BD22D000994B8 /* ExampleIIViewController.swift in Sources */ = {isa = PBXBuildFile; fileRef = 5F580F5B1A7BD22D000994B8 /* ExampleIIViewController.swift */; };
		5F580F5E1A7BD24C000994B8 /* ExampleIIIViewController.swift in Sources */ = {isa = PBXBuildFile; fileRef = 5F580F5D1A7BD24C000994B8 /* ExampleIIIViewController.swift */; };
		5F7B342D1A816D2F00266456 /* bike_traveler.png in Resources */ = {isa = PBXBuildFile; fileRef = 5F7B342C1A816D2F00266456 /* bike_traveler.png */; };
/* End PBXBuildFile section */

/* Begin PBXContainerItemProxy section */
		5F580F401A7B868F000994B8 /* PBXContainerItemProxy */ = {
			isa = PBXContainerItemProxy;
			containerPortal = 5F580F221A7B868E000994B8 /* Project object */;
			proxyType = 1;
			remoteGlobalIDString = 5F580F291A7B868E000994B8;
			remoteInfo = "View Animations Demo";
		};
/* End PBXContainerItemProxy section */

/* Begin PBXFileReference section */
		5F5348311A81BDC300285835 /* ExampleIVViewController.swift */ = {isa = PBXFileReference; fileEncoding = 4; lastKnownFileType = sourcecode.swift; path = ExampleIVViewController.swift; sourceTree = "<group>"; };
		5F5348351A81DC2200285835 /* bg01.png */ = {isa = PBXFileReference; lastKnownFileType = image.png; path = bg01.png; sourceTree = "<group>"; };
		5F5348361A81DC2200285835 /* bg02.png */ = {isa = PBXFileReference; lastKnownFileType = image.png; path = bg02.png; sourceTree = "<group>"; };
		5F580F2A1A7B868E000994B8 /* View Animations Demo.app */ = {isa = PBXFileReference; explicitFileType = wrapper.application; includeInIndex = 0; path = "View Animations Demo.app"; sourceTree = BUILT_PRODUCTS_DIR; };
		5F580F2E1A7B868E000994B8 /* Info.plist */ = {isa = PBXFileReference; lastKnownFileType = text.plist.xml; path = Info.plist; sourceTree = "<group>"; };
		5F580F2F1A7B868E000994B8 /* AppDelegate.swift */ = {isa = PBXFileReference; lastKnownFileType = sourcecode.swift; path = AppDelegate.swift; sourceTree = "<group>"; };
		5F580F341A7B868E000994B8 /* Base */ = {isa = PBXFileReference; lastKnownFileType = file.storyboard; name = Base; path = Base.lproj/Main.storyboard; sourceTree = "<group>"; };
		5F580F361A7B868E000994B8 /* Images.xcassets */ = {isa = PBXFileReference; lastKnownFileType = folder.assetcatalog; path = Images.xcassets; sourceTree = "<group>"; };
		5F580F391A7B868E000994B8 /* Base */ = {isa = PBXFileReference; lastKnownFileType = file.xib; name = Base; path = Base.lproj/LaunchScreen.xib; sourceTree = "<group>"; };
		5F580F3F1A7B868F000994B8 /* View Animations DemoTests.xctest */ = {isa = PBXFileReference; explicitFileType = wrapper.cfbundle; includeInIndex = 0; path = "View Animations DemoTests.xctest"; sourceTree = BUILT_PRODUCTS_DIR; };
		5F580F441A7B868F000994B8 /* Info.plist */ = {isa = PBXFileReference; lastKnownFileType = text.plist.xml; path = Info.plist; sourceTree = "<group>"; };
		5F580F451A7B868F000994B8 /* View_Animations_DemoTests.swift */ = {isa = PBXFileReference; lastKnownFileType = sourcecode.swift; path = View_Animations_DemoTests.swift; sourceTree = "<group>"; };
		5F580F591A7BD216000994B8 /* ExampleIViewController.swift */ = {isa = PBXFileReference; fileEncoding = 4; lastKnownFileType = sourcecode.swift; path = ExampleIViewController.swift; sourceTree = "<group>"; };
		5F580F5B1A7BD22D000994B8 /* ExampleIIViewController.swift */ = {isa = PBXFileReference; fileEncoding = 4; lastKnownFileType = sourcecode.swift; path = ExampleIIViewController.swift; sourceTree = "<group>"; };
		5F580F5D1A7BD24C000994B8 /* ExampleIIIViewController.swift */ = {isa = PBXFileReference; fileEncoding = 4; lastKnownFileType = sourcecode.swift; path = ExampleIIIViewController.swift; sourceTree = "<group>"; };
		5F7B342C1A816D2F00266456 /* bike_traveler.png */ = {isa = PBXFileReference; lastKnownFileType = image.png; path = bike_traveler.png; sourceTree = "<group>"; };
/* End PBXFileReference section */

/* Begin PBXFrameworksBuildPhase section */
		5F580F271A7B868E000994B8 /* Frameworks */ = {
			isa = PBXFrameworksBuildPhase;
			buildActionMask = 2147483647;
			files = (
			);
			runOnlyForDeploymentPostprocessing = 0;
		};
		5F580F3C1A7B868F000994B8 /* Frameworks */ = {
			isa = PBXFrameworksBuildPhase;
			buildActionMask = 2147483647;
			files = (
			);
			runOnlyForDeploymentPostprocessing = 0;
		};
/* End PBXFrameworksBuildPhase section */

/* Begin PBXGroup section */
		5F580F211A7B868E000994B8 = {
			isa = PBXGroup;
			children = (
				5F580F2C1A7B868E000994B8 /* View Animations Demo */,
				5F580F421A7B868F000994B8 /* View Animations DemoTests */,
				5F580F2B1A7B868E000994B8 /* Products */,
			);
			sourceTree = "<group>";
		};
		5F580F2B1A7B868E000994B8 /* Products */ = {
			isa = PBXGroup;
			children = (
				5F580F2A1A7B868E000994B8 /* View Animations Demo.app */,
				5F580F3F1A7B868F000994B8 /* View Animations DemoTests.xctest */,
			);
			name = Products;
			sourceTree = "<group>";
		};
		5F580F2C1A7B868E000994B8 /* View Animations Demo */ = {
			isa = PBXGroup;
			children = (
				5F5348351A81DC2200285835 /* bg01.png */,
				5F5348361A81DC2200285835 /* bg02.png */,
				5F7B342C1A816D2F00266456 /* bike_traveler.png */,
				5F580F2F1A7B868E000994B8 /* AppDelegate.swift */,
				5F580F331A7B868E000994B8 /* Main.storyboard */,
				5F580F361A7B868E000994B8 /* Images.xcassets */,
				5F580F381A7B868E000994B8 /* LaunchScreen.xib */,
				5F580F2D1A7B868E000994B8 /* Supporting Files */,
				5F580F591A7BD216000994B8 /* ExampleIViewController.swift */,
				5F580F5B1A7BD22D000994B8 /* ExampleIIViewController.swift */,
				5F580F5D1A7BD24C000994B8 /* ExampleIIIViewController.swift */,
				5F5348311A81BDC300285835 /* ExampleIVViewController.swift */,
			);
			path = "View Animations Demo";
			sourceTree = "<group>";
		};
		5F580F2D1A7B868E000994B8 /* Supporting Files */ = {
			isa = PBXGroup;
			children = (
				5F580F2E1A7B868E000994B8 /* Info.plist */,
			);
			name = "Supporting Files";
			sourceTree = "<group>";
		};
		5F580F421A7B868F000994B8 /* View Animations DemoTests */ = {
			isa = PBXGroup;
			children = (
				5F580F451A7B868F000994B8 /* View_Animations_DemoTests.swift */,
				5F580F431A7B868F000994B8 /* Supporting Files */,
			);
			path = "View Animations DemoTests";
			sourceTree = "<group>";
		};
		5F580F431A7B868F000994B8 /* Supporting Files */ = {
			isa = PBXGroup;
			children = (
				5F580F441A7B868F000994B8 /* Info.plist */,
			);
			name = "Supporting Files";
			sourceTree = "<group>";
		};
/* End PBXGroup section */

/* Begin PBXNativeTarget section */
		5F580F291A7B868E000994B8 /* View Animations Demo */ = {
			isa = PBXNativeTarget;
			buildConfigurationList = 5F580F491A7B868F000994B8 /* Build configuration list for PBXNativeTarget "View Animations Demo" */;
			buildPhases = (
				5F580F261A7B868E000994B8 /* Sources */,
				5F580F271A7B868E000994B8 /* Frameworks */,
				5F580F281A7B868E000994B8 /* Resources */,
			);
			buildRules = (
			);
			dependencies = (
			);
			name = "View Animations Demo";
			productName = "View Animations Demo";
			productReference = 5F580F2A1A7B868E000994B8 /* View Animations Demo.app */;
			productType = "com.apple.product-type.application";
		};
		5F580F3E1A7B868F000994B8 /* View Animations DemoTests */ = {
			isa = PBXNativeTarget;
			buildConfigurationList = 5F580F4C1A7B868F000994B8 /* Build configuration list for PBXNativeTarget "View Animations DemoTests" */;
			buildPhases = (
				5F580F3B1A7B868F000994B8 /* Sources */,
				5F580F3C1A7B868F000994B8 /* Frameworks */,
				5F580F3D1A7B868F000994B8 /* Resources */,
			);
			buildRules = (
			);
			dependencies = (
				5F580F411A7B868F000994B8 /* PBXTargetDependency */,
			);
			name = "View Animations DemoTests";
			productName = "View Animations DemoTests";
			productReference = 5F580F3F1A7B868F000994B8 /* View Animations DemoTests.xctest */;
			productType = "com.apple.product-type.bundle.unit-test";
		};
/* End PBXNativeTarget section */

/* Begin PBXProject section */
		5F580F221A7B868E000994B8 /* Project object */ = {
			isa = PBXProject;
			attributes = {
				LastSwiftUpdateCheck = 0730;
				LastUpgradeCheck = 0730;
				ORGANIZATIONNAME = Appcoda;
				TargetAttributes = {
					5F580F291A7B868E000994B8 = {
						CreatedOnToolsVersion = 6.1.1;
					};
					5F580F3E1A7B868F000994B8 = {
						CreatedOnToolsVersion = 6.1.1;
						TestTargetID = 5F580F291A7B868E000994B8;
					};
				};
			};
			buildConfigurationList = 5F580F251A7B868E000994B8 /* Build configuration list for PBXProject "View Animations Demo" */;
			compatibilityVersion = "Xcode 3.2";
			developmentRegion = English;
			hasScannedForEncodings = 0;
			knownRegions = (
				en,
				Base,
			);
			mainGroup = 5F580F211A7B868E000994B8;
			productRefGroup = 5F580F2B1A7B868E000994B8 /* Products */;
			projectDirPath = "";
			projectRoot = "";
			targets = (
				5F580F291A7B868E000994B8 /* View Animations Demo */,
				5F580F3E1A7B868F000994B8 /* View Animations DemoTests */,
			);
		};
/* End PBXProject section */

/* Begin PBXResourcesBuildPhase section */
		5F580F281A7B868E000994B8 /* Resources */ = {
			isa = PBXResourcesBuildPhase;
			buildActionMask = 2147483647;
			files = (
				5F580F351A7B868E000994B8 /* Main.storyboard in Resources */,
				5F5348371A81DC2200285835 /* bg01.png in Resources */,
				5F5348381A81DC2200285835 /* bg02.png in Resources */,
				5F580F3A1A7B868E000994B8 /* LaunchScreen.xib in Resources */,
				5F580F371A7B868E000994B8 /* Images.xcassets in Resources */,
				5F7B342D1A816D2F00266456 /* bike_traveler.png in Resources */,
			);
			runOnlyForDeploymentPostprocessing = 0;
		};
		5F580F3D1A7B868F000994B8 /* Resources */ = {
			isa = PBXResourcesBuildPhase;
			buildActionMask = 2147483647;
			files = (
			);
			runOnlyForDeploymentPostprocessing = 0;
		};
/* End PBXResourcesBuildPhase section */

/* Begin PBXSourcesBuildPhase section */
		5F580F261A7B868E000994B8 /* Sources */ = {
			isa = PBXSourcesBuildPhase;
			buildActionMask = 2147483647;
			files = (
				5F5348321A81BDC300285835 /* ExampleIVViewController.swift in Sources */,
				5F580F301A7B868E000994B8 /* AppDelegate.swift in Sources */,
				5F580F5C1A7BD22D000994B8 /* ExampleIIViewController.swift in Sources */,
				5F580F5A1A7BD216000994B8 /* ExampleIViewController.swift in Sources */,
				5F580F5E1A7BD24C000994B8 /* ExampleIIIViewController.swift in Sources */,
			);
			runOnlyForDeploymentPostprocessing = 0;
		};
		5F580F3B1A7B868F000994B8 /* Sources */ = {
			isa = PBXSourcesBuildPhase;
			buildActionMask = 2147483647;
			files = (
				5F580F461A7B868F000994B8 /* View_Animations_DemoTests.swift in Sources */,
			);
			runOnlyForDeploymentPostprocessing = 0;
		};
/* End PBXSourcesBuildPhase section */

/* Begin PBXTargetDependency section */
		5F580F411A7B868F000994B8 /* PBXTargetDependency */ = {
			isa = PBXTargetDependency;
			target = 5F580F291A7B868E000994B8 /* View Animations Demo */;
			targetProxy = 5F580F401A7B868F000994B8 /* PBXContainerItemProxy */;
		};
/* End PBXTargetDependency section */

/* Begin PBXVariantGroup section */
		5F580F331A7B868E000994B8 /* Main.storyboard */ = {
			isa = PBXVariantGroup;
			children = (
				5F580F341A7B868E000994B8 /* Base */,
			);
			name = Main.storyboard;
			sourceTree = "<group>";
		};
		5F580F381A7B868E000994B8 /* LaunchScreen.xib */ = {
			isa = PBXVariantGroup;
			children = (
				5F580F391A7B868E000994B8 /* Base */,
			);
			name = LaunchScreen.xib;
			sourceTree = "<group>";
		};
/* End PBXVariantGroup section */

/* Begin XCBuildConfiguration section */
		5F580F471A7B868F000994B8 /* Debug */ = {
			isa = XCBuildConfiguration;
			buildSettings = {
				ALWAYS_SEARCH_USER_PATHS = NO;
				CLANG_CXX_LANGUAGE_STANDARD = "gnu++0x";
				CLANG_CXX_LIBRARY = "libc++";
				CLANG_ENABLE_MODULES = YES;
				CLANG_ENABLE_OBJC_ARC = YES;
				CLANG_WARN_BOOL_CONVERSION = YES;
				CLANG_WARN_CONSTANT_CONVERSION = YES;
				CLANG_WARN_DIRECT_OBJC_ISA_USAGE = YES_ERROR;
				CLANG_WARN_EMPTY_BODY = YES;
				CLANG_WARN_ENUM_CONVERSION = YES;
				CLANG_WARN_INT_CONVERSION = YES;
				CLANG_WARN_OBJC_ROOT_CLASS = YES_ERROR;
				CLANG_WARN_UNREACHABLE_CODE = YES;
				CLANG_WARN__DUPLICATE_METHOD_MATCH = YES;
				"CODE_SIGN_IDENTITY[sdk=iphoneos*]" = "iPhone Developer";
				COPY_PHASE_STRIP = NO;
				ENABLE_STRICT_OBJC_MSGSEND = YES;
				ENABLE_TESTABILITY = YES;
				GCC_C_LANGUAGE_STANDARD = gnu99;
				GCC_DYNAMIC_NO_PIC = NO;
				GCC_OPTIMIZATION_LEVEL = 0;
				GCC_PREPROCESSOR_DEFINITIONS = (
					"DEBUG=1",
					"$(inherited)",
				);
				GCC_SYMBOLS_PRIVATE_EXTERN = NO;
				GCC_WARN_64_TO_32_BIT_CONVERSION = YES;
				GCC_WARN_ABOUT_RETURN_TYPE = YES_ERROR;
				GCC_WARN_UNDECLARED_SELECTOR = YES;
				GCC_WARN_UNINITIALIZED_AUTOS = YES_AGGRESSIVE;
				GCC_WARN_UNUSED_FUNCTION = YES;
				GCC_WARN_UNUSED_VARIABLE = YES;
				IPHONEOS_DEPLOYMENT_TARGET = 8.1;
				MTL_ENABLE_DEBUG_INFO = YES;
				ONLY_ACTIVE_ARCH = YES;
				SDKROOT = iphoneos;
				SWIFT_OPTIMIZATION_LEVEL = "-Onone";
			};
			name = Debug;
		};
		5F580F481A7B868F000994B8 /* Release */ = {
			isa = XCBuildConfiguration;
			buildSettings = {
				ALWAYS_SEARCH_USER_PATHS = NO;
				CLANG_CXX_LANGUAGE_STANDARD = "gnu++0x";
				CLANG_CXX_LIBRARY = "libc++";
				CLANG_ENABLE_MODULES = YES;
				CLANG_ENABLE_OBJC_ARC = YES;
				CLANG_WARN_BOOL_CONVERSION = YES;
				CLANG_WARN_CONSTANT_CONVERSION = YES;
				CLANG_WARN_DIRECT_OBJC_ISA_USAGE = YES_ERROR;
				CLANG_WARN_EMPTY_BODY = YES;
				CLANG_WARN_ENUM_CONVERSION = YES;
				CLANG_WARN_INT_CONVERSION = YES;
				CLANG_WARN_OBJC_ROOT_CLASS = YES_ERROR;
				CLANG_WARN_UNREACHABLE_CODE = YES;
				CLANG_WARN__DUPLICATE_METHOD_MATCH = YES;
				"CODE_SIGN_IDENTITY[sdk=iphoneos*]" = "iPhone Developer";
				COPY_PHASE_STRIP = YES;
				ENABLE_NS_ASSERTIONS = NO;
				ENABLE_STRICT_OBJC_MSGSEND = YES;
				GCC_C_LANGUAGE_STANDARD = gnu99;
				GCC_WARN_64_TO_32_BIT_CONVERSION = YES;
				GCC_WARN_ABOUT_RETURN_TYPE = YES_ERROR;
				GCC_WARN_UNDECLARED_SELECTOR = YES;
				GCC_WARN_UNINITIALIZED_AUTOS = YES_AGGRESSIVE;
				GCC_WARN_UNUSED_FUNCTION = YES;
				GCC_WARN_UNUSED_VARIABLE = YES;
				IPHONEOS_DEPLOYMENT_TARGET = 8.1;
				MTL_ENABLE_DEBUG_INFO = NO;
				SDKROOT = iphoneos;
				VALIDATE_PRODUCT = YES;
			};
			name = Release;
		};
		5F580F4A1A7B868F000994B8 /* Debug */ = {
			isa = XCBuildConfiguration;
			buildSettings = {
				ASSETCATALOG_COMPILER_APPICON_NAME = AppIcon;
				INFOPLIST_FILE = "View Animations Demo/Info.plist";
				LD_RUNPATH_SEARCH_PATHS = "$(inherited) @executable_path/Frameworks";
				PRODUCT_BUNDLE_IDENTIFIER = "com.appcoda.$(PRODUCT_NAME:rfc1034identifier)";
				PRODUCT_NAME = "$(TARGET_NAME)";
			};
			name = Debug;
		};
		5F580F4B1A7B868F000994B8 /* Release */ = {
			isa = XCBuildConfiguration;
			buildSettings = {
				ASSETCATALOG_COMPILER_APPICON_NAME = AppIcon;
				INFOPLIST_FILE = "View Animations Demo/Info.plist";
				LD_RUNPATH_SEARCH_PATHS = "$(inherited) @executable_path/Frameworks";
				PRODUCT_BUNDLE_IDENTIFIER = "com.appcoda.$(PRODUCT_NAME:rfc1034identifier)";
				PRODUCT_NAME = "$(TARGET_NAME)";
			};
			name = Release;
		};
		5F580F4D1A7B868F000994B8 /* Debug */ = {
			isa = XCBuildConfiguration;
			buildSettings = {
				BUNDLE_LOADER = "$(TEST_HOST)";
				FRAMEWORK_SEARCH_PATHS = (
					"$(SDKROOT)/Developer/Library/Frameworks",
					"$(inherited)",
				);
				GCC_PREPROCESSOR_DEFINITIONS = (
					"DEBUG=1",
					"$(inherited)",
				);
				INFOPLIST_FILE = "View Animations DemoTests/Info.plist";
				LD_RUNPATH_SEARCH_PATHS = "$(inherited) @executable_path/Frameworks @loader_path/Frameworks";
				PRODUCT_BUNDLE_IDENTIFIER = "com.appcoda.$(PRODUCT_NAME:rfc1034identifier)";
				PRODUCT_NAME = "$(TARGET_NAME)";
				TEST_HOST = "$(BUILT_PRODUCTS_DIR)/View Animations Demo.app/View Animations Demo";
			};
			name = Debug;
		};
		5F580F4E1A7B868F000994B8 /* Release */ = {
			isa = XCBuildConfiguration;
			buildSettings = {
				BUNDLE_LOADER = "$(TEST_HOST)";
				FRAMEWORK_SEARCH_PATHS = (
					"$(SDKROOT)/Developer/Library/Frameworks",
					"$(inherited)",
				);
				INFOPLIST_FILE = "View Animations DemoTests/Info.plist";
				LD_RUNPATH_SEARCH_PATHS = "$(inherited) @executable_path/Frameworks @loader_path/Frameworks";
				PRODUCT_BUNDLE_IDENTIFIER = "com.appcoda.$(PRODUCT_NAME:rfc1034identifier)";
				PRODUCT_NAME = "$(TARGET_NAME)";
				TEST_HOST = "$(BUILT_PRODUCTS_DIR)/View Animations Demo.app/View Animations Demo";
			};
			name = Release;
		};
/* End XCBuildConfiguration section */

/* Begin XCConfigurationList section */
		5F580F251A7B868E000994B8 /* Build configuration list for PBXProject "View Animations Demo" */ = {
			isa = XCConfigurationList;
			buildConfigurations = (
				5F580F471A7B868F000994B8 /* Debug */,
				5F580F481A7B868F000994B8 /* Release */,
			);
			defaultConfigurationIsVisible = 0;
			defaultConfigurationName = Release;
		};
		5F580F491A7B868F000994B8 /* Build configuration list for PBXNativeTarget "View Animations Demo" */ = {
			isa = XCConfigurationList;
			buildConfigurations = (
				5F580F4A1A7B868F000994B8 /* Debug */,
				5F580F4B1A7B868F000994B8 /* Release */,
			);
			defaultConfigurationIsVisible = 0;
			defaultConfigurationName = Release;
		};
		5F580F4C1A7B868F000994B8 /* Build configuration list for PBXNativeTarget "View Animations DemoTests" */ = {
			isa = XCConfigurationList;
			buildConfigurations = (
				5F580F4D1A7B868F000994B8 /* Debug */,
				5F580F4E1A7B868F000994B8 /* Release */,
			);
			defaultConfigurationIsVisible = 0;
			defaultConfigurationName = Release;
		};
/* End XCConfigurationList section */
	};
	rootObject = 5F580F221A7B868E000994B8 /* Project object */;
}
