// !$*UTF8*$!
{
	archiveVersion = 1;
	classes = {
	};
	objectVersion = 46;
	objects = {

/* Begin PBXBuildFile section */
		23FEF70E1CF61A78003812A5 /* AppDelegate.swift in Sources */ = {isa = PBXBuildFile; fileRef = 23FEF70D1CF61A78003812A5 /* AppDelegate.swift */; };
		23FEF7131CF61A78003812A5 /* Main.storyboard in Resources */ = {isa = PBXBuildFile; fileRef = 23FEF7111CF61A78003812A5 /* Main.storyboard */; };
		23FEF7151CF61A78003812A5 /* Assets.xcassets in Resources */ = {isa = PBXBuildFile; fileRef = 23FEF7141CF61A78003812A5 /* Assets.xcassets */; };
		23FEF7181CF61A78003812A5 /* LaunchScreen.storyboard in Resources */ = {isa = PBXBuildFile; fileRef = 23FEF7161CF61A78003812A5 /* LaunchScreen.storyboard */; };
		23FEF7231CF61B9F003812A5 /* TweetTableViewController.swift in Sources */ = {isa = PBXBuildFile; fileRef = 23FEF7221CF61B9F003812A5 /* TweetTableViewController.swift */; };
/* End PBXBuildFile section */

/* Begin PBXFileReference section */
		23FEF70A1CF61A78003812A5 /* Smashtag.app */ = {isa = PBXFileReference; explicitFileType = wrapper.application; includeInIndex = 0; path = Smashtag.app; sourceTree = BUILT_PRODUCTS_DIR; };
		23FEF70D1CF61A78003812A5 /* AppDelegate.swift */ = {isa = PBXFileReference; lastKnownFileType = sourcecode.swift; path = AppDelegate.swift; sourceTree = "<group>"; };
		23FEF7121CF61A78003812A5 /* Base */ = {isa = PBXFileReference; lastKnownFileType = file.storyboard; name = Base; path = Base.lproj/Main.storyboard; sourceTree = "<group>"; };
		23FEF7141CF61A78003812A5 /* Assets.xcassets */ = {isa = PBXFileReference; lastKnownFileType = folder.assetcatalog; path = Assets.xcassets; sourceTree = "<group>"; };
		23FEF7171CF61A78003812A5 /* Base */ = {isa = PBXFileReference; lastKnownFileType = file.storyboard; name = Base; path = Base.lproj/LaunchScreen.storyboard; sourceTree = "<group>"; };
		23FEF7191CF61A78003812A5 /* Info.plist */ = {isa = PBXFileReference; lastKnownFileType = text.plist.xml; path = Info.plist; sourceTree = "<group>"; };
		23FEF7221CF61B9F003812A5 /* TweetTableViewController.swift */ = {isa = PBXFileReference; fileEncoding = 4; lastKnownFileType = sourcecode.swift; name = TweetTableViewController.swift; path = ../TweetTableViewController.swift; sourceTree = "<group>"; };
/* End PBXFileReference section */

/* Begin PBXFrameworksBuildPhase section */
		23FEF7071CF61A78003812A5 /* Frameworks */ = {
			isa = PBXFrameworksBuildPhase;
			buildActionMask = 2147483647;
			files = (
			);
			runOnlyForDeploymentPostprocessing = 0;
		};
/* End PBXFrameworksBuildPhase section */

/* Begin PBXGroup section */
		23FEF7011CF61A78003812A5 = {
			isa = PBXGroup;
			children = (
				23FEF70C1CF61A78003812A5 /* Smashtag */,
				23FEF70B1CF61A78003812A5 /* Products */,
			);
			sourceTree = "<group>";
		};
		23FEF70B1CF61A78003812A5 /* Products */ = {
			isa = PBXGroup;
			children = (
				23FEF70A1CF61A78003812A5 /* Smashtag.app */,
			);
			name = Products;
			sourceTree = "<group>";
		};
		23FEF70C1CF61A78003812A5 /* Smashtag */ = {
			isa = PBXGroup;
			children = (
				23FEF7221CF61B9F003812A5 /* TweetTableViewController.swift */,
				23FEF7111CF61A78003812A5 /* Main.storyboard */,
				23FEF71F1CF61AAC003812A5 /* Supporting Files */,
			);
			path = Smashtag;
			sourceTree = "<group>";
		};
		23FEF71F1CF61AAC003812A5 /* Supporting Files */ = {
			isa = PBXGroup;
			children = (
				23FEF70D1CF61A78003812A5 /* AppDelegate.swift */,
				23FEF7141CF61A78003812A5 /* Assets.xcassets */,
				23FEF7161CF61A78003812A5 /* LaunchScreen.storyboard */,
				23FEF7191CF61A78003812A5 /* Info.plist */,
			);
			name = "Supporting Files";
			sourceTree = "<group>";
		};
/* End PBXGroup section */

/* Begin PBXNativeTarget section */
		23FEF7091CF61A78003812A5 /* Smashtag */ = {
			isa = PBXNativeTarget;
			buildConfigurationList = 23FEF71C1CF61A78003812A5 /* Build configuration list for PBXNativeTarget "Smashtag" */;
			buildPhases = (
				23FEF7061CF61A78003812A5 /* Sources */,
				23FEF7071CF61A78003812A5 /* Frameworks */,
				23FEF7081CF61A78003812A5 /* Resources */,
			);
			buildRules = (
			);
			dependencies = (
			);
			name = Smashtag;
			productName = Smashtag;
			productReference = 23FEF70A1CF61A78003812A5 /* Smashtag.app */;
			productType = "com.apple.product-type.application";
		};
/* End PBXNativeTarget section */

/* Begin PBXProject section */
		23FEF7021CF61A78003812A5 /* Project object */ = {
			isa = PBXProject;
			attributes = {
				LastSwiftUpdateCheck = 0730;
				LastUpgradeCheck = 0730;
				ORGANIZATIONNAME = "Stanford University";
				TargetAttributes = {
					23FEF7091CF61A78003812A5 = {
						CreatedOnToolsVersion = 7.3.1;
					};
				};
			};
			buildConfigurationList = 23FEF7051CF61A78003812A5 /* Build configuration list for PBXProject "Smashtag" */;
			compatibilityVersion = "Xcode 3.2";
			developmentRegion = English;
			hasScannedForEncodings = 0;
			knownRegions = (
				en,
				Base,
			);
			mainGroup = 23FEF7011CF61A78003812A5;
			productRefGroup = 23FEF70B1CF61A78003812A5 /* Products */;
			projectDirPath = "";
			projectRoot = "";
			targets = (
				23FEF7091CF61A78003812A5 /* Smashtag */,
			);
		};
/* End PBXProject section */

/* Begin PBXResourcesBuildPhase section */
		23FEF7081CF61A78003812A5 /* Resources */ = {
			isa = PBXResourcesBuildPhase;
			buildActionMask = 2147483647;
			files = (
				23FEF7181CF61A78003812A5 /* LaunchScreen.storyboard in Resources */,
				23FEF7151CF61A78003812A5 /* Assets.xcassets in Resources */,
				23FEF7131CF61A78003812A5 /* Main.storyboard in Resources */,
			);
			runOnlyForDeploymentPostprocessing = 0;
		};
/* End PBXResourcesBuildPhase section */

/* Begin PBXSourcesBuildPhase section */
		23FEF7061CF61A78003812A5 /* Sources */ = {
			isa = PBXSourcesBuildPhase;
			buildActionMask = 2147483647;
			files = (
				23FEF70E1CF61A78003812A5 /* AppDelegate.swift in Sources */,
				23FEF7231CF61B9F003812A5 /* TweetTableViewController.swift in Sources */,
			);
			runOnlyForDeploymentPostprocessing = 0;
		};
/* End PBXSourcesBuildPhase section */

/* Begin PBXVariantGroup section */
		23FEF7111CF61A78003812A5 /* Main.storyboard */ = {
			isa = PBXVariantGroup;
			children = (
				23FEF7121CF61A78003812A5 /* Base */,
			);
			name = Main.storyboard;
			sourceTree = "<group>";
		};
		23FEF7161CF61A78003812A5 /* LaunchScreen.storyboard */ = {
			isa = PBXVariantGroup;
			children = (
				23FEF7171CF61A78003812A5 /* Base */,
			);
			name = LaunchScreen.storyboard;
			sourceTree = "<group>";
		};
/* End PBXVariantGroup section */

/* Begin XCBuildConfiguration section */
		23FEF71A1CF61A78003812A5 /* Debug */ = {
			isa = XCBuildConfiguration;
			buildSettings = {
				ALWAYS_SEARCH_USER_PATHS = NO;
				CLANG_ANALYZER_NONNULL = YES;
				CLANG_CXX_LANGUAGE_STANDARD = "gnu++0x";
				CLANG_CXX_LIBRARY = "libc++";
				CLANG_ENABLE_MODULES = YES;
				CLANG_ENABLE_OBJC_ARC = YES;
				CLANG_WARN_BOOL_CONVERSION = YES;
				CLANG_WARN_CONSTANT_CONVERSION = YES;
				CLANG_WARN_DIRECT_OBJC_ISA_USAGE = YES_ERROR;
				CLANG_WARN_EMPTY_BODY = YES;
				CLANG_WARN_ENUM_CONVERSION = YES;
				CLANG_WARN_INT_CONVERSION = YES;
				CLANG_WARN_OBJC_ROOT_CLASS = YES_ERROR;
				CLANG_WARN_UNREACHABLE_CODE = YES;
				CLANG_WARN__DUPLICATE_METHOD_MATCH = YES;
				"CODE_SIGN_IDENTITY[sdk=iphoneos*]" = "iPhone Developer";
				COPY_PHASE_STRIP = NO;
				DEBUG_INFORMATION_FORMAT = dwarf;
				ENABLE_STRICT_OBJC_MSGSEND = YES;
				ENABLE_TESTABILITY = YES;
				GCC_C_LANGUAGE_STANDARD = gnu99;
				GCC_DYNAMIC_NO_PIC = NO;
				GCC_NO_COMMON_BLOCKS = YES;
				GCC_OPTIMIZATION_LEVEL = 0;
				GCC_PREPROCESSOR_DEFINITIONS = (
					"DEBUG=1",
					"$(inherited)",
				);
				GCC_WARN_64_TO_32_BIT_CONVERSION = YES;
				GCC_WARN_ABOUT_RETURN_TYPE = YES_ERROR;
				GCC_WARN_UNDECLARED_SELECTOR = YES;
				GCC_WARN_UNINITIALIZED_AUTOS = YES_AGGRESSIVE;
				GCC_WARN_UNUSED_FUNCTION = YES;
				GCC_WARN_UNUSED_VARIABLE = YES;
				IPHONEOS_DEPLOYMENT_TARGET = 9.3;
				MTL_ENABLE_DEBUG_INFO = YES;
				ONLY_ACTIVE_ARCH = YES;
				SDKROOT = iphoneos;
				SWIFT_OPTIMIZATION_LEVEL = "-Onone";
			};
			name = Debug;
		};
		23FEF71B1CF61A78003812A5 /* Release */ = {
			isa = XCBuildConfiguration;
			buildSettings = {
				ALWAYS_SEARCH_USER_PATHS = NO;
				CLANG_ANALYZER_NONNULL = YES;
				CLANG_CXX_LANGUAGE_STANDARD = "gnu++0x";
				CLANG_CXX_LIBRARY = "libc++";
				CLANG_ENABLE_MODULES = YES;
				CLANG_ENABLE_OBJC_ARC = YES;
				CLANG_WARN_BOOL_CONVERSION = YES;
				CLANG_WARN_CONSTANT_CONVERSION = YES;
				CLANG_WARN_DIRECT_OBJC_ISA_USAGE = YES_ERROR;
				CLANG_WARN_EMPTY_BODY = YES;
				CLANG_WARN_ENUM_CONVERSION = YES;
				CLANG_WARN_INT_CONVERSION = YES;
				CLANG_WARN_OBJC_ROOT_CLASS = YES_ERROR;
				CLANG_WARN_UNREACHABLE_CODE = YES;
				CLANG_WARN__DUPLICATE_METHOD_MATCH = YES;
				"CODE_SIGN_IDENTITY[sdk=iphoneos*]" = "iPhone Developer";
				COPY_PHASE_STRIP = NO;
				DEBUG_INFORMATION_FORMAT = "dwarf-with-dsym";
				ENABLE_NS_ASSERTIONS = NO;
				ENABLE_STRICT_OBJC_MSGSEND = YES;
				GCC_C_LANGUAGE_STANDARD = gnu99;
				GCC_NO_COMMON_BLOCKS = YES;
				GCC_WARN_64_TO_32_BIT_CONVERSION = YES;
				GCC_WARN_ABOUT_RETURN_TYPE = YES_ERROR;
				GCC_WARN_UNDECLARED_SELECTOR = YES;
				GCC_WARN_UNINITIALIZED_AUTOS = YES_AGGRESSIVE;
				GCC_WARN_UNUSED_FUNCTION = YES;
				GCC_WARN_UNUSED_VARIABLE = YES;
				IPHONEOS_DEPLOYMENT_TARGET = 9.3;
				MTL_ENABLE_DEBUG_INFO = NO;
				SDKROOT = iphoneos;
				VALIDATE_PRODUCT = YES;
			};
			name = Release;
		};
		23FEF71D1CF61A78003812A5 /* Debug */ = {
			isa = XCBuildConfiguration;
			buildSettings = {
				ASSETCATALOG_COMPILER_APPICON_NAME = AppIcon;
				INFOPLIST_FILE = Smashtag/Info.plist;
				LD_RUNPATH_SEARCH_PATHS = "$(inherited) @executable_path/Frameworks";
				PRODUCT_BUNDLE_IDENTIFIER = edu.stanford.cs193p.junweizhuge.Smashtag;
				PRODUCT_NAME = "$(TARGET_NAME)";
			};
			name = Debug;
		};
		23FEF71E1CF61A78003812A5 /* Release */ = {
			isa = XCBuildConfiguration;
			buildSettings = {
				ASSETCATALOG_COMPILER_APPICON_NAME = AppIcon;
				INFOPLIST_FILE = Smashtag/Info.plist;
				LD_RUNPATH_SEARCH_PATHS = "$(inherited) @executable_path/Frameworks";
				PRODUCT_BUNDLE_IDENTIFIER = edu.stanford.cs193p.junweizhuge.Smashtag;
				PRODUCT_NAME = "$(TARGET_NAME)";
			};
			name = Release;
		};
/* End XCBuildConfiguration section */

/* Begin XCConfigurationList section */
		23FEF7051CF61A78003812A5 /* Build configuration list for PBXProject "Smashtag" */ = {
			isa = XCConfigurationList;
			buildConfigurations = (
				23FEF71A1CF61A78003812A5 /* Debug */,
				23FEF71B1CF61A78003812A5 /* Release */,
			);
			defaultConfigurationIsVisible = 0;
			defaultConfigurationName = Release;
		};
		23FEF71C1CF61A78003812A5 /* Build configuration list for PBXNativeTarget "Smashtag" */ = {
			isa = XCConfigurationList;
			buildConfigurations = (
				23FEF71D1CF61A78003812A5 /* Debug */,
				23FEF71E1CF61A78003812A5 /* Release */,
			);
			defaultConfigurationIsVisible = 0;
		};
/* End XCConfigurationList section */
	};
	rootObject = 23FEF7021CF61A78003812A5 /* Project object */;
}
